
Microsoft Visual Studio Solution File, Format Version 12.00
# Visual Studio Version 17
VisualStudioVersion = 17.10.35013.160
MinimumVisualStudioVersion = 10.0.40219.1
Project("{FAE04EC0-301F-11D3-BF4B-00C04F79EFBC}") = "A.Service", "A.Service\A.Service.csproj", "{BD2CD6FC-79FA-48C5-B7CC-3BA462A63127}"
EndProject
Project("{FAE04EC0-301F-11D3-BF4B-00C04F79EFBC}") = "B.Service", "B.Service\B.Service.csproj", "{54DE9435-B0C3-4017-87C1-0227C01AE435}"
EndProject
Project("{FAE04EC0-301F-11D3-BF4B-00C04F79EFBC}") = "Monitoring.Service", "Monitoring.Service\Monitoring.Service.csproj", "{D71AF80C-1F67-482C-B65B-3E1A365A3A85}"
EndProject
Global
	GlobalSection(SolutionConfigurationPlatforms) = preSolution
		Debug|Any CPU = Debug|Any CPU
		Release|Any CPU = Release|Any CPU
	EndGlobalSection
	GlobalSection(ProjectConfigurationPlatforms) = postSolution
		{BD2CD6FC-79FA-48C5-B7CC-3BA462A63127}.Debug|Any CPU.ActiveCfg = Debug|Any CPU
		{BD2CD6FC-79FA-48C5-B7CC-3BA462A63127}.Debug|Any CPU.Build.0 = Debug|Any CPU
		{BD2CD6FC-79FA-48C5-B7CC-3BA462A63127}.Release|Any CPU.ActiveCfg = Release|Any CPU
		{BD2CD6FC-79FA-48C5-B7CC-3BA462A63127}.Release|Any CPU.Build.0 = Release|Any CPU
		{54DE9435-B0C3-4017-87C1-0227C01AE435}.Debug|Any CPU.ActiveCfg = Debug|Any CPU
		{54DE9435-B0C3-4017-87C1-0227C01AE435}.Debug|Any CPU.Build.0 = Debug|Any CPU
		{54DE9435-B0C3-4017-87C1-0227C01AE435}.Release|Any CPU.ActiveCfg = Release|Any CPU
		{54DE9435-B0C3-4017-87C1-0227C01AE435}.Release|Any CPU.Build.0 = Release|Any CPU
		{D71AF80C-1F67-482C-B65B-3E1A365A3A85}.Debug|Any CPU.ActiveCfg = Debug|Any CPU
		{D71AF80C-1F67-482C-B65B-3E1A365A3A85}.Debug|Any CPU.Build.0 = Debug|Any CPU
		{D71AF80C-1F67-482C-B65B-3E1A365A3A85}.Release|Any CPU.ActiveCfg = Release|Any CPU
		{D71AF80C-1F67-482C-B65B-3E1A365A3A85}.Release|Any CPU.Build.0 = Release|Any CPU
	EndGlobalSection
	GlobalSection(SolutionProperties) = preSolution
		HideSolutionNode = FALSE
	EndGlobalSection
	GlobalSection(ExtensibilityGlobals) = postSolution
		SolutionGuid = {BE1F19F8-1885-4A8A-982B-9DF1E76D7937}
	EndGlobalSection
EndGlobal
